
Microsoft Visual Studio Solution File, Format Version 12.00
# Visual Studio Version 16
VisualStudioVersion = 16.0.29920.165
MinimumVisualStudioVersion = 15.0.26124.0
Project("{2150E333-8FDC-42A3-9474-1A3956D46DE8}") = "src", "src", "{21ED40B0-C3C3-45A8-8436-6F4655B1FBC2}"
EndProject
Project("{9A19103F-16F7-4668-BE54-9A1E7A4F7556}") = "NPacMan.Game", "src\NPacMan.Game\NPacMan.Game.csproj", "{FA6EB198-B8FA-4056-95EB-C4D8F2FEBBCB}"
EndProject
Project("{2150E333-8FDC-42A3-9474-1A3956D46DE8}") = "test", "test", "{4111C40E-1F40-4AC6-B56C-C51AC5DFCF5A}"
EndProject
Project("{9A19103F-16F7-4668-BE54-9A1E7A4F7556}") = "NPacMan.Game.Tests", "test\NPacMan.Game.Tests\NPacMan.Game.Tests.csproj", "{9CA2F354-5203-4EEC-9613-67618DA1C87E}"
EndProject
Project("{9A19103F-16F7-4668-BE54-9A1E7A4F7556}") = "NPacMan.UI", "src\NPacMan.UI\NPacMan.UI.csproj", "{530A5DB8-FAE2-44B0-84BD-B38FB9E4D38D}"
EndProject
Project("{2150E333-8FDC-42A3-9474-1A3956D46DE8}") = "Docs", "Docs", "{70F9337E-FBEE-4EBB-AA71-ABB86B748C47}"
	ProjectSection(SolutionItems) = preProject
		GhostMovement.md = GhostMovement.md
	EndProjectSection
EndProject
Project("{9A19103F-16F7-4668-BE54-9A1E7A4F7556}") = "NPacMan.ConsoleApp", "src\NPacMan.ConsoleApp\NPacMan.ConsoleApp.csproj", "{7E5D00CC-D5A1-4D76-AA27-FFC529691212}"
EndProject
Project("{9A19103F-16F7-4668-BE54-9A1E7A4F7556}") = "NPacMan.SharedUi", "src\NPacMan.SharedUi\NPacMan.SharedUi.csproj", "{926F76E8-8B16-4A28-BFD4-1FFB8CC295E1}"
EndProject
Project("{9A19103F-16F7-4668-BE54-9A1E7A4F7556}") = "NPacMan.Blazor", "src\NPacMan.Blazor\NPacMan.Blazor.csproj", "{8E3E7EC4-2CD7-43DE-BF0B-C18F17A20196}"
EndProject
Project("{9A19103F-16F7-4668-BE54-9A1E7A4F7556}") = "NPacMan.BotSDK", "src\NPacMan.BotToolKit\NPacMan.BotSDK.csproj", "{1975B859-A684-4A8D-8E30-E12254704FDE}"
EndProject
Project("{2150E333-8FDC-42A3-9474-1A3956D46DE8}") = "bots", "bots", "{0BF751F8-70E3-4D21-8B84-5CF779413B52}"
EndProject
Project("{9A19103F-16F7-4668-BE54-9A1E7A4F7556}") = "NPacMan.NamedPipesBot", "src\NPacMan.NamedPipesBot\NPacMan.NamedPipesBot.csproj", "{CA539103-76B7-43C5-8B01-9D098BDEF7BD}"
EndProject
Project("{9A19103F-16F7-4668-BE54-9A1E7A4F7556}") = "NPacMan.SocketsBot", "src\NPacMan.SocketsBot\NPacMan.SocketsBot.csproj", "{5ADFEDBE-EE6D-4E48-922C-1CB9D0E5A61E}"
EndProject
Project("{9A19103F-16F7-4668-BE54-9A1E7A4F7556}") = "NPacMan.StdInOutBot", "src\NPacMan.StdInOutBot\NPacMan.StdInOutBot.csproj", "{9090AC52-9DBB-4822-8768-43580A15AA2E}"
EndProject
Project("{FAE04EC0-301F-11D3-BF4B-00C04F79EFBC}") = "ClassLibrary1", "ClassLibrary1\ClassLibrary1.csproj", "{F9BFEC2E-BCE3-45AF-B35B-22F59A550DEF}"
EndProject
Global
	GlobalSection(SolutionConfigurationPlatforms) = preSolution
		Debug|Any CPU = Debug|Any CPU
		Debug|x64 = Debug|x64
		Debug|x86 = Debug|x86
		Release|Any CPU = Release|Any CPU
		Release|x64 = Release|x64
		Release|x86 = Release|x86
	EndGlobalSection
	GlobalSection(ProjectConfigurationPlatforms) = postSolution
		{FA6EB198-B8FA-4056-95EB-C4D8F2FEBBCB}.Debug|Any CPU.ActiveCfg = Debug|Any CPU
		{FA6EB198-B8FA-4056-95EB-C4D8F2FEBBCB}.Debug|Any CPU.Build.0 = Debug|Any CPU
		{FA6EB198-B8FA-4056-95EB-C4D8F2FEBBCB}.Debug|x64.ActiveCfg = Debug|Any CPU
		{FA6EB198-B8FA-4056-95EB-C4D8F2FEBBCB}.Debug|x64.Build.0 = Debug|Any CPU
		{FA6EB198-B8FA-4056-95EB-C4D8F2FEBBCB}.Debug|x86.ActiveCfg = Debug|Any CPU
		{FA6EB198-B8FA-4056-95EB-C4D8F2FEBBCB}.Debug|x86.Build.0 = Debug|Any CPU
		{FA6EB198-B8FA-4056-95EB-C4D8F2FEBBCB}.Release|Any CPU.ActiveCfg = Release|Any CPU
		{FA6EB198-B8FA-4056-95EB-C4D8F2FEBBCB}.Release|Any CPU.Build.0 = Release|Any CPU
		{FA6EB198-B8FA-4056-95EB-C4D8F2FEBBCB}.Release|x64.ActiveCfg = Release|Any CPU
		{FA6EB198-B8FA-4056-95EB-C4D8F2FEBBCB}.Release|x64.Build.0 = Release|Any CPU
		{FA6EB198-B8FA-4056-95EB-C4D8F2FEBBCB}.Release|x86.ActiveCfg = Release|Any CPU
		{FA6EB198-B8FA-4056-95EB-C4D8F2FEBBCB}.Release|x86.Build.0 = Release|Any CPU
		{9CA2F354-5203-4EEC-9613-67618DA1C87E}.Debug|Any CPU.ActiveCfg = Debug|Any CPU
		{9CA2F354-5203-4EEC-9613-67618DA1C87E}.Debug|Any CPU.Build.0 = Debug|Any CPU
		{9CA2F354-5203-4EEC-9613-67618DA1C87E}.Debug|x64.ActiveCfg = Debug|Any CPU
		{9CA2F354-5203-4EEC-9613-67618DA1C87E}.Debug|x64.Build.0 = Debug|Any CPU
		{9CA2F354-5203-4EEC-9613-67618DA1C87E}.Debug|x86.ActiveCfg = Debug|Any CPU
		{9CA2F354-5203-4EEC-9613-67618DA1C87E}.Debug|x86.Build.0 = Debug|Any CPU
		{9CA2F354-5203-4EEC-9613-67618DA1C87E}.Release|Any CPU.ActiveCfg = Release|Any CPU
		{9CA2F354-5203-4EEC-9613-67618DA1C87E}.Release|Any CPU.Build.0 = Release|Any CPU
		{9CA2F354-5203-4EEC-9613-67618DA1C87E}.Release|x64.ActiveCfg = Release|Any CPU
		{9CA2F354-5203-4EEC-9613-67618DA1C87E}.Release|x64.Build.0 = Release|Any CPU
		{9CA2F354-5203-4EEC-9613-67618DA1C87E}.Release|x86.ActiveCfg = Release|Any CPU
		{9CA2F354-5203-4EEC-9613-67618DA1C87E}.Release|x86.Build.0 = Release|Any CPU
		{530A5DB8-FAE2-44B0-84BD-B38FB9E4D38D}.Debug|Any CPU.ActiveCfg = Debug|Any CPU
		{530A5DB8-FAE2-44B0-84BD-B38FB9E4D38D}.Debug|Any CPU.Build.0 = Debug|Any CPU
		{530A5DB8-FAE2-44B0-84BD-B38FB9E4D38D}.Debug|x64.ActiveCfg = Debug|Any CPU
		{530A5DB8-FAE2-44B0-84BD-B38FB9E4D38D}.Debug|x64.Build.0 = Debug|Any CPU
		{530A5DB8-FAE2-44B0-84BD-B38FB9E4D38D}.Debug|x86.ActiveCfg = Debug|Any CPU
		{530A5DB8-FAE2-44B0-84BD-B38FB9E4D38D}.Debug|x86.Build.0 = Debug|Any CPU
		{530A5DB8-FAE2-44B0-84BD-B38FB9E4D38D}.Release|Any CPU.ActiveCfg = Release|Any CPU
		{530A5DB8-FAE2-44B0-84BD-B38FB9E4D38D}.Release|Any CPU.Build.0 = Release|Any CPU
		{530A5DB8-FAE2-44B0-84BD-B38FB9E4D38D}.Release|x64.ActiveCfg = Release|Any CPU
		{530A5DB8-FAE2-44B0-84BD-B38FB9E4D38D}.Release|x64.Build.0 = Release|Any CPU
		{530A5DB8-FAE2-44B0-84BD-B38FB9E4D38D}.Release|x86.ActiveCfg = Release|Any CPU
		{530A5DB8-FAE2-44B0-84BD-B38FB9E4D38D}.Release|x86.Build.0 = Release|Any CPU
		{7E5D00CC-D5A1-4D76-AA27-FFC529691212}.Debug|Any CPU.ActiveCfg = Debug|Any CPU
		{7E5D00CC-D5A1-4D76-AA27-FFC529691212}.Debug|Any CPU.Build.0 = Debug|Any CPU
		{7E5D00CC-D5A1-4D76-AA27-FFC529691212}.Debug|x64.ActiveCfg = Debug|Any CPU
		{7E5D00CC-D5A1-4D76-AA27-FFC529691212}.Debug|x64.Build.0 = Debug|Any CPU
		{7E5D00CC-D5A1-4D76-AA27-FFC529691212}.Debug|x86.ActiveCfg = Debug|Any CPU
		{7E5D00CC-D5A1-4D76-AA27-FFC529691212}.Debug|x86.Build.0 = Debug|Any CPU
		{7E5D00CC-D5A1-4D76-AA27-FFC529691212}.Release|Any CPU.ActiveCfg = Release|Any CPU
		{7E5D00CC-D5A1-4D76-AA27-FFC529691212}.Release|Any CPU.Build.0 = Release|Any CPU
		{7E5D00CC-D5A1-4D76-AA27-FFC529691212}.Release|x64.ActiveCfg = Release|Any CPU
		{7E5D00CC-D5A1-4D76-AA27-FFC529691212}.Release|x64.Build.0 = Release|Any CPU
		{7E5D00CC-D5A1-4D76-AA27-FFC529691212}.Release|x86.ActiveCfg = Release|Any CPU
		{7E5D00CC-D5A1-4D76-AA27-FFC529691212}.Release|x86.Build.0 = Release|Any CPU
		{926F76E8-8B16-4A28-BFD4-1FFB8CC295E1}.Debug|Any CPU.ActiveCfg = Debug|Any CPU
		{926F76E8-8B16-4A28-BFD4-1FFB8CC295E1}.Debug|Any CPU.Build.0 = Debug|Any CPU
		{926F76E8-8B16-4A28-BFD4-1FFB8CC295E1}.Debug|x64.ActiveCfg = Debug|Any CPU
		{926F76E8-8B16-4A28-BFD4-1FFB8CC295E1}.Debug|x64.Build.0 = Debug|Any CPU
		{926F76E8-8B16-4A28-BFD4-1FFB8CC295E1}.Debug|x86.ActiveCfg = Debug|Any CPU
		{926F76E8-8B16-4A28-BFD4-1FFB8CC295E1}.Debug|x86.Build.0 = Debug|Any CPU
		{926F76E8-8B16-4A28-BFD4-1FFB8CC295E1}.Release|Any CPU.ActiveCfg = Release|Any CPU
		{926F76E8-8B16-4A28-BFD4-1FFB8CC295E1}.Release|Any CPU.Build.0 = Release|Any CPU
		{926F76E8-8B16-4A28-BFD4-1FFB8CC295E1}.Release|x64.ActiveCfg = Release|Any CPU
		{926F76E8-8B16-4A28-BFD4-1FFB8CC295E1}.Release|x64.Build.0 = Release|Any CPU
		{926F76E8-8B16-4A28-BFD4-1FFB8CC295E1}.Release|x86.ActiveCfg = Release|Any CPU
		{926F76E8-8B16-4A28-BFD4-1FFB8CC295E1}.Release|x86.Build.0 = Release|Any CPU
		{8E3E7EC4-2CD7-43DE-BF0B-C18F17A20196}.Debug|Any CPU.ActiveCfg = Debug|Any CPU
		{8E3E7EC4-2CD7-43DE-BF0B-C18F17A20196}.Debug|Any CPU.Build.0 = Debug|Any CPU
		{8E3E7EC4-2CD7-43DE-BF0B-C18F17A20196}.Debug|x64.ActiveCfg = Debug|Any CPU
		{8E3E7EC4-2CD7-43DE-BF0B-C18F17A20196}.Debug|x64.Build.0 = Debug|Any CPU
		{8E3E7EC4-2CD7-43DE-BF0B-C18F17A20196}.Debug|x86.ActiveCfg = Debug|Any CPU
		{8E3E7EC4-2CD7-43DE-BF0B-C18F17A20196}.Debug|x86.Build.0 = Debug|Any CPU
		{8E3E7EC4-2CD7-43DE-BF0B-C18F17A20196}.Release|Any CPU.ActiveCfg = Release|Any CPU
		{8E3E7EC4-2CD7-43DE-BF0B-C18F17A20196}.Release|Any CPU.Build.0 = Release|Any CPU
		{8E3E7EC4-2CD7-43DE-BF0B-C18F17A20196}.Release|x64.ActiveCfg = Release|Any CPU
		{8E3E7EC4-2CD7-43DE-BF0B-C18F17A20196}.Release|x64.Build.0 = Release|Any CPU
		{8E3E7EC4-2CD7-43DE-BF0B-C18F17A20196}.Release|x86.ActiveCfg = Release|Any CPU
		{8E3E7EC4-2CD7-43DE-BF0B-C18F17A20196}.Release|x86.Build.0 = Release|Any CPU
		{1975B859-A684-4A8D-8E30-E12254704FDE}.Debug|Any CPU.ActiveCfg = Debug|Any CPU
		{1975B859-A684-4A8D-8E30-E12254704FDE}.Debug|Any CPU.Build.0 = Debug|Any CPU
		{1975B859-A684-4A8D-8E30-E12254704FDE}.Debug|x64.ActiveCfg = Debug|Any CPU
		{1975B859-A684-4A8D-8E30-E12254704FDE}.Debug|x64.Build.0 = Debug|Any CPU
		{1975B859-A684-4A8D-8E30-E12254704FDE}.Debug|x86.ActiveCfg = Debug|Any CPU
		{1975B859-A684-4A8D-8E30-E12254704FDE}.Debug|x86.Build.0 = Debug|Any CPU
		{1975B859-A684-4A8D-8E30-E12254704FDE}.Release|Any CPU.ActiveCfg = Release|Any CPU
		{1975B859-A684-4A8D-8E30-E12254704FDE}.Release|Any CPU.Build.0 = Release|Any CPU
		{1975B859-A684-4A8D-8E30-E12254704FDE}.Release|x64.ActiveCfg = Release|Any CPU
		{1975B859-A684-4A8D-8E30-E12254704FDE}.Release|x64.Build.0 = Release|Any CPU
		{1975B859-A684-4A8D-8E30-E12254704FDE}.Release|x86.ActiveCfg = Release|Any CPU
		{1975B859-A684-4A8D-8E30-E12254704FDE}.Release|x86.Build.0 = Release|Any CPU
		{CA539103-76B7-43C5-8B01-9D098BDEF7BD}.Debug|Any CPU.ActiveCfg = Debug|Any CPU
		{CA539103-76B7-43C5-8B01-9D098BDEF7BD}.Debug|Any CPU.Build.0 = Debug|Any CPU
		{CA539103-76B7-43C5-8B01-9D098BDEF7BD}.Debug|x64.ActiveCfg = Debug|Any CPU
		{CA539103-76B7-43C5-8B01-9D098BDEF7BD}.Debug|x64.Build.0 = Debug|Any CPU
		{CA539103-76B7-43C5-8B01-9D098BDEF7BD}.Debug|x86.ActiveCfg = Debug|Any CPU
		{CA539103-76B7-43C5-8B01-9D098BDEF7BD}.Debug|x86.Build.0 = Debug|Any CPU
		{CA539103-76B7-43C5-8B01-9D098BDEF7BD}.Release|Any CPU.ActiveCfg = Release|Any CPU
		{CA539103-76B7-43C5-8B01-9D098BDEF7BD}.Release|Any CPU.Build.0 = Release|Any CPU
		{CA539103-76B7-43C5-8B01-9D098BDEF7BD}.Release|x64.ActiveCfg = Release|Any CPU
		{CA539103-76B7-43C5-8B01-9D098BDEF7BD}.Release|x64.Build.0 = Release|Any CPU
		{CA539103-76B7-43C5-8B01-9D098BDEF7BD}.Release|x86.ActiveCfg = Release|Any CPU
		{CA539103-76B7-43C5-8B01-9D098BDEF7BD}.Release|x86.Build.0 = Release|Any CPU
		{5ADFEDBE-EE6D-4E48-922C-1CB9D0E5A61E}.Debug|Any CPU.ActiveCfg = Debug|Any CPU
		{5ADFEDBE-EE6D-4E48-922C-1CB9D0E5A61E}.Debug|Any CPU.Build.0 = Debug|Any CPU
		{5ADFEDBE-EE6D-4E48-922C-1CB9D0E5A61E}.Debug|x64.ActiveCfg = Debug|Any CPU
		{5ADFEDBE-EE6D-4E48-922C-1CB9D0E5A61E}.Debug|x64.Build.0 = Debug|Any CPU
		{5ADFEDBE-EE6D-4E48-922C-1CB9D0E5A61E}.Debug|x86.ActiveCfg = Debug|Any CPU
		{5ADFEDBE-EE6D-4E48-922C-1CB9D0E5A61E}.Debug|x86.Build.0 = Debug|Any CPU
		{5ADFEDBE-EE6D-4E48-922C-1CB9D0E5A61E}.Release|Any CPU.ActiveCfg = Release|Any CPU
		{5ADFEDBE-EE6D-4E48-922C-1CB9D0E5A61E}.Release|Any CPU.Build.0 = Release|Any CPU
		{5ADFEDBE-EE6D-4E48-922C-1CB9D0E5A61E}.Release|x64.ActiveCfg = Release|Any CPU
		{5ADFEDBE-EE6D-4E48-922C-1CB9D0E5A61E}.Release|x64.Build.0 = Release|Any CPU
		{5ADFEDBE-EE6D-4E48-922C-1CB9D0E5A61E}.Release|x86.ActiveCfg = Release|Any CPU
		{5ADFEDBE-EE6D-4E48-922C-1CB9D0E5A61E}.Release|x86.Build.0 = Release|Any CPU
		{9090AC52-9DBB-4822-8768-43580A15AA2E}.Debug|Any CPU.ActiveCfg = Debug|Any CPU
		{9090AC52-9DBB-4822-8768-43580A15AA2E}.Debug|Any CPU.Build.0 = Debug|Any CPU
		{9090AC52-9DBB-4822-8768-43580A15AA2E}.Debug|x64.ActiveCfg = Debug|Any CPU
		{9090AC52-9DBB-4822-8768-43580A15AA2E}.Debug|x64.Build.0 = Debug|Any CPU
		{9090AC52-9DBB-4822-8768-43580A15AA2E}.Debug|x86.ActiveCfg = Debug|Any CPU
		{9090AC52-9DBB-4822-8768-43580A15AA2E}.Debug|x86.Build.0 = Debug|Any CPU
		{9090AC52-9DBB-4822-8768-43580A15AA2E}.Release|Any CPU.ActiveCfg = Release|Any CPU
		{9090AC52-9DBB-4822-8768-43580A15AA2E}.Release|Any CPU.Build.0 = Release|Any CPU
		{9090AC52-9DBB-4822-8768-43580A15AA2E}.Release|x64.ActiveCfg = Release|Any CPU
		{9090AC52-9DBB-4822-8768-43580A15AA2E}.Release|x64.Build.0 = Release|Any CPU
		{9090AC52-9DBB-4822-8768-43580A15AA2E}.Release|x86.ActiveCfg = Release|Any CPU
		{9090AC52-9DBB-4822-8768-43580A15AA2E}.Release|x86.Build.0 = Release|Any CPU
		{F9BFEC2E-BCE3-45AF-B35B-22F59A550DEF}.Debug|Any CPU.ActiveCfg = Debug|Any CPU
		{F9BFEC2E-BCE3-45AF-B35B-22F59A550DEF}.Debug|Any CPU.Build.0 = Debug|Any CPU
		{F9BFEC2E-BCE3-45AF-B35B-22F59A550DEF}.Debug|x64.ActiveCfg = Debug|Any CPU
		{F9BFEC2E-BCE3-45AF-B35B-22F59A550DEF}.Debug|x64.Build.0 = Debug|Any CPU
		{F9BFEC2E-BCE3-45AF-B35B-22F59A550DEF}.Debug|x86.ActiveCfg = Debug|Any CPU
		{F9BFEC2E-BCE3-45AF-B35B-22F59A550DEF}.Debug|x86.Build.0 = Debug|Any CPU
		{F9BFEC2E-BCE3-45AF-B35B-22F59A550DEF}.Release|Any CPU.ActiveCfg = Release|Any CPU
		{F9BFEC2E-BCE3-45AF-B35B-22F59A550DEF}.Release|Any CPU.Build.0 = Release|Any CPU
		{F9BFEC2E-BCE3-45AF-B35B-22F59A550DEF}.Release|x64.ActiveCfg = Release|Any CPU
		{F9BFEC2E-BCE3-45AF-B35B-22F59A550DEF}.Release|x64.Build.0 = Release|Any CPU
		{F9BFEC2E-BCE3-45AF-B35B-22F59A550DEF}.Release|x86.ActiveCfg = Release|Any CPU
		{F9BFEC2E-BCE3-45AF-B35B-22F59A550DEF}.Release|x86.Build.0 = Release|Any CPU
	EndGlobalSection
	GlobalSection(SolutionProperties) = preSolution
		HideSolutionNode = FALSE
	EndGlobalSection
	GlobalSection(NestedProjects) = preSolution
		{FA6EB198-B8FA-4056-95EB-C4D8F2FEBBCB} = {21ED40B0-C3C3-45A8-8436-6F4655B1FBC2}
		{9CA2F354-5203-4EEC-9613-67618DA1C87E} = {4111C40E-1F40-4AC6-B56C-C51AC5DFCF5A}
		{530A5DB8-FAE2-44B0-84BD-B38FB9E4D38D} = {21ED40B0-C3C3-45A8-8436-6F4655B1FBC2}
		{7E5D00CC-D5A1-4D76-AA27-FFC529691212} = {21ED40B0-C3C3-45A8-8436-6F4655B1FBC2}
		{926F76E8-8B16-4A28-BFD4-1FFB8CC295E1} = {21ED40B0-C3C3-45A8-8436-6F4655B1FBC2}
		{8E3E7EC4-2CD7-43DE-BF0B-C18F17A20196} = {21ED40B0-C3C3-45A8-8436-6F4655B1FBC2}
		{1975B859-A684-4A8D-8E30-E12254704FDE} = {0BF751F8-70E3-4D21-8B84-5CF779413B52}
		{CA539103-76B7-43C5-8B01-9D098BDEF7BD} = {0BF751F8-70E3-4D21-8B84-5CF779413B52}
		{5ADFEDBE-EE6D-4E48-922C-1CB9D0E5A61E} = {0BF751F8-70E3-4D21-8B84-5CF779413B52}
		{9090AC52-9DBB-4822-8768-43580A15AA2E} = {0BF751F8-70E3-4D21-8B84-5CF779413B52}
		{F9BFEC2E-BCE3-45AF-B35B-22F59A550DEF} = {21ED40B0-C3C3-45A8-8436-6F4655B1FBC2}
	EndGlobalSection
	GlobalSection(ExtensibilityGlobals) = postSolution
		SolutionGuid = {8B94961E-5CF2-4100-B9C0-FD0648C42EBA}
	EndGlobalSection
EndGlobal
