
Microsoft Visual Studio Solution File, Format Version 12.00
# Visual Studio 15
VisualStudioVersion = 15.0.26124.0
MinimumVisualStudioVersion = 15.0.26124.0
Project("{2150E333-8FDC-42A3-9474-1A3956D46DE8}") = "src", "src", "{21ED40B0-C3C3-45A8-8436-6F4655B1FBC2}"
EndProject
Project("{FAE04EC0-301F-11D3-BF4B-00C04F79EFBC}") = "NPacMan.Game", "src\NPacMan.Game\NPacMan.Game.csproj", "{FA6EB198-B8FA-4056-95EB-C4D8F2FEBBCB}"
EndProject
Project("{2150E333-8FDC-42A3-9474-1A3956D46DE8}") = "test", "test", "{4111C40E-1F40-4AC6-B56C-C51AC5DFCF5A}"
EndProject
Project("{FAE04EC0-301F-11D3-BF4B-00C04F79EFBC}") = "NPacMan.Game.Tests", "test\NPacMan.Game.Tests\NPacMan.Game.Tests.csproj", "{9CA2F354-5203-4EEC-9613-67618DA1C87E}"
EndProject
Global
	GlobalSection(SolutionConfigurationPlatforms) = preSolution
		Debug|Any CPU = Debug|Any CPU
		Debug|x64 = Debug|x64
		Debug|x86 = Debug|x86
		Release|Any CPU = Release|Any CPU
		Release|x64 = Release|x64
		Release|x86 = Release|x86
	EndGlobalSection
	GlobalSection(SolutionProperties) = preSolution
		HideSolutionNode = FALSE
	EndGlobalSection
	GlobalSection(ProjectConfigurationPlatforms) = postSolution
		{FA6EB198-B8FA-4056-95EB-C4D8F2FEBBCB}.Debug|Any CPU.ActiveCfg = Debug|Any CPU
		{FA6EB198-B8FA-4056-95EB-C4D8F2FEBBCB}.Debug|Any CPU.Build.0 = Debug|Any CPU
		{FA6EB198-B8FA-4056-95EB-C4D8F2FEBBCB}.Debug|x64.ActiveCfg = Debug|Any CPU
		{FA6EB198-B8FA-4056-95EB-C4D8F2FEBBCB}.Debug|x64.Build.0 = Debug|Any CPU
		{FA6EB198-B8FA-4056-95EB-C4D8F2FEBBCB}.Debug|x86.ActiveCfg = Debug|Any CPU
		{FA6EB198-B8FA-4056-95EB-C4D8F2FEBBCB}.Debug|x86.Build.0 = Debug|Any CPU
		{FA6EB198-B8FA-4056-95EB-C4D8F2FEBBCB}.Release|Any CPU.ActiveCfg = Release|Any CPU
		{FA6EB198-B8FA-4056-95EB-C4D8F2FEBBCB}.Release|Any CPU.Build.0 = Release|Any CPU
		{FA6EB198-B8FA-4056-95EB-C4D8F2FEBBCB}.Release|x64.ActiveCfg = Release|Any CPU
		{FA6EB198-B8FA-4056-95EB-C4D8F2FEBBCB}.Release|x64.Build.0 = Release|Any CPU
		{FA6EB198-B8FA-4056-95EB-C4D8F2FEBBCB}.Release|x86.ActiveCfg = Release|Any CPU
		{FA6EB198-B8FA-4056-95EB-C4D8F2FEBBCB}.Release|x86.Build.0 = Release|Any CPU
		{9CA2F354-5203-4EEC-9613-67618DA1C87E}.Debug|Any CPU.ActiveCfg = Debug|Any CPU
		{9CA2F354-5203-4EEC-9613-67618DA1C87E}.Debug|Any CPU.Build.0 = Debug|Any CPU
		{9CA2F354-5203-4EEC-9613-67618DA1C87E}.Debug|x64.ActiveCfg = Debug|Any CPU
		{9CA2F354-5203-4EEC-9613-67618DA1C87E}.Debug|x64.Build.0 = Debug|Any CPU
		{9CA2F354-5203-4EEC-9613-67618DA1C87E}.Debug|x86.ActiveCfg = Debug|Any CPU
		{9CA2F354-5203-4EEC-9613-67618DA1C87E}.Debug|x86.Build.0 = Debug|Any CPU
		{9CA2F354-5203-4EEC-9613-67618DA1C87E}.Release|Any CPU.ActiveCfg = Release|Any CPU
		{9CA2F354-5203-4EEC-9613-67618DA1C87E}.Release|Any CPU.Build.0 = Release|Any CPU
		{9CA2F354-5203-4EEC-9613-67618DA1C87E}.Release|x64.ActiveCfg = Release|Any CPU
		{9CA2F354-5203-4EEC-9613-67618DA1C87E}.Release|x64.Build.0 = Release|Any CPU
		{9CA2F354-5203-4EEC-9613-67618DA1C87E}.Release|x86.ActiveCfg = Release|Any CPU
		{9CA2F354-5203-4EEC-9613-67618DA1C87E}.Release|x86.Build.0 = Release|Any CPU
	EndGlobalSection
	GlobalSection(NestedProjects) = preSolution
		{FA6EB198-B8FA-4056-95EB-C4D8F2FEBBCB} = {21ED40B0-C3C3-45A8-8436-6F4655B1FBC2}
		{9CA2F354-5203-4EEC-9613-67618DA1C87E} = {4111C40E-1F40-4AC6-B56C-C51AC5DFCF5A}
	EndGlobalSection
EndGlobal
